
Microsoft Visual Studio Solution File, Format Version 12.00
# Visual Studio Version 16
VisualStudioVersion = 16.0.29306.81
MinimumVisualStudioVersion = 10.0.40219.1
Project("{FAE04EC0-301F-11D3-BF4B-00C04F79EFBC}") = "BranchAndChicken", "BranchAndChicken\BranchAndChicken.csproj", "{EA580084-56DB-4610-B3A7-EA74138E1DE2}"
EndProject
Global
	GlobalSection(SolutionConfigurationPlatforms) = preSolution
		Debug|Any CPU = Debug|Any CPU
		Release|Any CPU = Release|Any CPU
	EndGlobalSection
	GlobalSection(ProjectConfigurationPlatforms) = postSolution
		{EA580084-56DB-4610-B3A7-EA74138E1DE2}.Debug|Any CPU.ActiveCfg = Debug|Any CPU
		{EA580084-56DB-4610-B3A7-EA74138E1DE2}.Debug|Any CPU.Build.0 = Debug|Any CPU
		{EA580084-56DB-4610-B3A7-EA74138E1DE2}.Release|Any CPU.ActiveCfg = Release|Any CPU
		{EA580084-56DB-4610-B3A7-EA74138E1DE2}.Release|Any CPU.Build.0 = Release|Any CPU
	EndGlobalSection
	GlobalSection(SolutionProperties) = preSolution
		HideSolutionNode = FALSE
	EndGlobalSection
	GlobalSection(ExtensibilityGlobals) = postSolution
		SolutionGuid = {21F89CB7-9F93-449A-BA91-4356AA76CB0B}
	EndGlobalSection
EndGlobal
